
Microsoft Visual Studio Solution File, Format Version 12.00
# Visual Studio Version 16
VisualStudioVersion = 16.0.30907.101
MinimumVisualStudioVersion = 10.0.40219.1
Project("{FAE04EC0-301F-11D3-BF4B-00C04F79EFBC}") = "Tips.Android", "Tips\Tips.Android\Tips.Android.csproj", "{DC8F85DD-2546-4735-80D1-95A210DDF9F0}"
EndProject
Project("{FAE04EC0-301F-11D3-BF4B-00C04F79EFBC}") = "Tips.iOS", "Tips\Tips.iOS\Tips.iOS.csproj", "{28BD22B0-79A9-4F31-97C9-3744FBEEC107}"
EndProject
Project("{FAE04EC0-301F-11D3-BF4B-00C04F79EFBC}") = "Tips", "Tips\Tips\Tips.csproj", "{A3FB9175-987D-477D-B8DC-F6608108F549}"
EndProject
Global
	GlobalSection(SolutionConfigurationPlatforms) = preSolution
		Debug|Any CPU = Debug|Any CPU
		Debug|iPhone = Debug|iPhone
		Debug|iPhoneSimulator = Debug|iPhoneSimulator
		Release|Any CPU = Release|Any CPU
		Release|iPhone = Release|iPhone
		Release|iPhoneSimulator = Release|iPhoneSimulator
	EndGlobalSection
	GlobalSection(ProjectConfigurationPlatforms) = postSolution
		{DC8F85DD-2546-4735-80D1-95A210DDF9F0}.Debug|Any CPU.ActiveCfg = Debug|Any CPU
		{DC8F85DD-2546-4735-80D1-95A210DDF9F0}.Debug|Any CPU.Build.0 = Debug|Any CPU
		{DC8F85DD-2546-4735-80D1-95A210DDF9F0}.Debug|Any CPU.Deploy.0 = Debug|Any CPU
		{DC8F85DD-2546-4735-80D1-95A210DDF9F0}.Debug|iPhone.ActiveCfg = Debug|Any CPU
		{DC8F85DD-2546-4735-80D1-95A210DDF9F0}.Debug|iPhone.Build.0 = Debug|Any CPU
		{DC8F85DD-2546-4735-80D1-95A210DDF9F0}.Debug|iPhone.Deploy.0 = Debug|Any CPU
		{DC8F85DD-2546-4735-80D1-95A210DDF9F0}.Debug|iPhoneSimulator.ActiveCfg = Debug|Any CPU
		{DC8F85DD-2546-4735-80D1-95A210DDF9F0}.Debug|iPhoneSimulator.Build.0 = Debug|Any CPU
		{DC8F85DD-2546-4735-80D1-95A210DDF9F0}.Debug|iPhoneSimulator.Deploy.0 = Debug|Any CPU
		{DC8F85DD-2546-4735-80D1-95A210DDF9F0}.Release|Any CPU.ActiveCfg = Release|Any CPU
		{DC8F85DD-2546-4735-80D1-95A210DDF9F0}.Release|Any CPU.Build.0 = Release|Any CPU
		{DC8F85DD-2546-4735-80D1-95A210DDF9F0}.Release|Any CPU.Deploy.0 = Release|Any CPU
		{DC8F85DD-2546-4735-80D1-95A210DDF9F0}.Release|iPhone.ActiveCfg = Release|Any CPU
		{DC8F85DD-2546-4735-80D1-95A210DDF9F0}.Release|iPhone.Build.0 = Release|Any CPU
		{DC8F85DD-2546-4735-80D1-95A210DDF9F0}.Release|iPhone.Deploy.0 = Release|Any CPU
		{DC8F85DD-2546-4735-80D1-95A210DDF9F0}.Release|iPhoneSimulator.ActiveCfg = Release|Any CPU
		{DC8F85DD-2546-4735-80D1-95A210DDF9F0}.Release|iPhoneSimulator.Build.0 = Release|Any CPU
		{DC8F85DD-2546-4735-80D1-95A210DDF9F0}.Release|iPhoneSimulator.Deploy.0 = Release|Any CPU
		{28BD22B0-79A9-4F31-97C9-3744FBEEC107}.Debug|Any CPU.ActiveCfg = Debug|iPhone
		{28BD22B0-79A9-4F31-97C9-3744FBEEC107}.Debug|Any CPU.Build.0 = Debug|iPhone
		{28BD22B0-79A9-4F31-97C9-3744FBEEC107}.Debug|Any CPU.Deploy.0 = Debug|iPhone
		{28BD22B0-79A9-4F31-97C9-3744FBEEC107}.Debug|iPhone.ActiveCfg = Debug|iPhone
		{28BD22B0-79A9-4F31-97C9-3744FBEEC107}.Debug|iPhone.Build.0 = Debug|iPhone
		{28BD22B0-79A9-4F31-97C9-3744FBEEC107}.Debug|iPhone.Deploy.0 = Debug|iPhone
		{28BD22B0-79A9-4F31-97C9-3744FBEEC107}.Debug|iPhoneSimulator.ActiveCfg = Debug|iPhoneSimulator
		{28BD22B0-79A9-4F31-97C9-3744FBEEC107}.Debug|iPhoneSimulator.Build.0 = Debug|iPhoneSimulator
		{28BD22B0-79A9-4F31-97C9-3744FBEEC107}.Debug|iPhoneSimulator.Deploy.0 = Debug|iPhoneSimulator
		{28BD22B0-79A9-4F31-97C9-3744FBEEC107}.Release|Any CPU.ActiveCfg = Release|iPhoneSimulator
		{28BD22B0-79A9-4F31-97C9-3744FBEEC107}.Release|Any CPU.Build.0 = Release|iPhoneSimulator
		{28BD22B0-79A9-4F31-97C9-3744FBEEC107}.Release|Any CPU.Deploy.0 = Release|iPhoneSimulator
		{28BD22B0-79A9-4F31-97C9-3744FBEEC107}.Release|iPhone.ActiveCfg = Release|iPhone
		{28BD22B0-79A9-4F31-97C9-3744FBEEC107}.Release|iPhone.Build.0 = Release|iPhone
		{28BD22B0-79A9-4F31-97C9-3744FBEEC107}.Release|iPhone.Deploy.0 = Release|iPhone
		{28BD22B0-79A9-4F31-97C9-3744FBEEC107}.Release|iPhoneSimulator.ActiveCfg = Release|iPhoneSimulator
		{28BD22B0-79A9-4F31-97C9-3744FBEEC107}.Release|iPhoneSimulator.Build.0 = Release|iPhoneSimulator
		{28BD22B0-79A9-4F31-97C9-3744FBEEC107}.Release|iPhoneSimulator.Deploy.0 = Release|iPhoneSimulator
		{A3FB9175-987D-477D-B8DC-F6608108F549}.Debug|Any CPU.ActiveCfg = Debug|Any CPU
		{A3FB9175-987D-477D-B8DC-F6608108F549}.Debug|Any CPU.Build.0 = Debug|Any CPU
		{A3FB9175-987D-477D-B8DC-F6608108F549}.Debug|Any CPU.Deploy.0 = Debug|Any CPU
		{A3FB9175-987D-477D-B8DC-F6608108F549}.Debug|iPhone.ActiveCfg = Debug|Any CPU
		{A3FB9175-987D-477D-B8DC-F6608108F549}.Debug|iPhone.Build.0 = Debug|Any CPU
		{A3FB9175-987D-477D-B8DC-F6608108F549}.Debug|iPhone.Deploy.0 = Debug|Any CPU
		{A3FB9175-987D-477D-B8DC-F6608108F549}.Debug|iPhoneSimulator.ActiveCfg = Debug|Any CPU
		{A3FB9175-987D-477D-B8DC-F6608108F549}.Debug|iPhoneSimulator.Build.0 = Debug|Any CPU
		{A3FB9175-987D-477D-B8DC-F6608108F549}.Debug|iPhoneSimulator.Deploy.0 = Debug|Any CPU
		{A3FB9175-987D-477D-B8DC-F6608108F549}.Release|Any CPU.ActiveCfg = Release|Any CPU
		{A3FB9175-987D-477D-B8DC-F6608108F549}.Release|Any CPU.Build.0 = Release|Any CPU
		{A3FB9175-987D-477D-B8DC-F6608108F549}.Release|Any CPU.Deploy.0 = Release|Any CPU
		{A3FB9175-987D-477D-B8DC-F6608108F549}.Release|iPhone.ActiveCfg = Release|Any CPU
		{A3FB9175-987D-477D-B8DC-F6608108F549}.Release|iPhone.Build.0 = Release|Any CPU
		{A3FB9175-987D-477D-B8DC-F6608108F549}.Release|iPhone.Deploy.0 = Release|Any CPU
		{A3FB9175-987D-477D-B8DC-F6608108F549}.Release|iPhoneSimulator.ActiveCfg = Release|Any CPU
		{A3FB9175-987D-477D-B8DC-F6608108F549}.Release|iPhoneSimulator.Build.0 = Release|Any CPU
		{A3FB9175-987D-477D-B8DC-F6608108F549}.Release|iPhoneSimulator.Deploy.0 = Release|Any CPU
	EndGlobalSection
	GlobalSection(SolutionProperties) = preSolution
		HideSolutionNode = FALSE
	EndGlobalSection
	GlobalSection(ExtensibilityGlobals) = postSolution
		SolutionGuid = {7A9866C8-69F2-4328-8642-2C534D4A4AA9}
	EndGlobalSection
EndGlobal
